// !$*UTF8*$!
{
	archiveVersion = 1;
	classes = {
	};
	objectVersion = 56;
	objects = {

/* Begin PBXBuildFile section */
		1D29EFAA29C7581F004D0A08 /* String.swift in Sources */ = {isa = PBXBuildFile; fileRef = 1D29EFA929C7581F004D0A08 /* String.swift */; };
		1D29EFAF29C75ADF004D0A08 /* 04_Dictionary.swift in Sources */ = {isa = PBXBuildFile; fileRef = 1D29EFAE29C75ADF004D0A08 /* 04_Dictionary.swift */; };
		1D29EFB229C81CC8004D0A08 /* 05_Optional Chaining.swift in Sources */ = {isa = PBXBuildFile; fileRef = 1D29EFB129C81CC8004D0A08 /* 05_Optional Chaining.swift */; };
		1D29EFB529C87D5C004D0A08 /* 06_Set.swift in Sources */ = {isa = PBXBuildFile; fileRef = 1D29EFB429C87D5C004D0A08 /* 06_Set.swift */; };
		1D8A042429C7533000E8F97E /* 02_String Manipulation.swift in Sources */ = {isa = PBXBuildFile; fileRef = 1D8A042329C7533000E8F97E /* 02_String Manipulation.swift */; };
		1DBBFA9229BE14C2003D70CA /* 01_optionals.swift in Sources */ = {isa = PBXBuildFile; fileRef = 1DBBFA9129BE14C2003D70CA /* 01_optionals.swift */; };
/* End PBXBuildFile section */

/* Begin PBXCopyFilesBuildPhase section */
		1DBBFA8C29BE14C2003D70CA /* CopyFiles */ = {
			isa = PBXCopyFilesBuildPhase;
			buildActionMask = 2147483647;
			dstPath = /usr/share/man/man1/;
			dstSubfolderSpec = 0;
			files = (
			);
			runOnlyForDeploymentPostprocessing = 1;
		};
/* End PBXCopyFilesBuildPhase section */

/* Begin PBXFileReference section */
		1D29EFA929C7581F004D0A08 /* String.swift */ = {isa = PBXFileReference; lastKnownFileType = sourcecode.swift; path = String.swift; sourceTree = "<group>"; };
		1D29EFAE29C75ADF004D0A08 /* 04_Dictionary.swift */ = {isa = PBXFileReference; lastKnownFileType = sourcecode.swift; path = 04_Dictionary.swift; sourceTree = "<group>"; };
		1D29EFB129C81CC8004D0A08 /* 05_Optional Chaining.swift */ = {isa = PBXFileReference; lastKnownFileType = sourcecode.swift; path = "05_Optional Chaining.swift"; sourceTree = "<group>"; };
		1D29EFB429C87D5C004D0A08 /* 06_Set.swift */ = {isa = PBXFileReference; lastKnownFileType = sourcecode.swift; path = 06_Set.swift; sourceTree = "<group>"; };
		1D8A042329C7533000E8F97E /* 02_String Manipulation.swift */ = {isa = PBXFileReference; lastKnownFileType = sourcecode.swift; path = "02_String Manipulation.swift"; sourceTree = "<group>"; };
		1DBBFA8E29BE14C2003D70CA /* swift_practice */ = {isa = PBXFileReference; explicitFileType = "compiled.mach-o.executable"; includeInIndex = 0; path = swift_practice; sourceTree = BUILT_PRODUCTS_DIR; };
		1DBBFA9129BE14C2003D70CA /* 01_optionals.swift */ = {isa = PBXFileReference; lastKnownFileType = sourcecode.swift; path = 01_optionals.swift; sourceTree = "<group>"; };
/* End PBXFileReference section */

/* Begin PBXFrameworksBuildPhase section */
		1DBBFA8B29BE14C2003D70CA /* Frameworks */ = {
			isa = PBXFrameworksBuildPhase;
			buildActionMask = 2147483647;
			files = (
			);
			runOnlyForDeploymentPostprocessing = 0;
		};
/* End PBXFrameworksBuildPhase section */

/* Begin PBXGroup section */
		1D29EFA829C757FB004D0A08 /* 03_String */ = {
			isa = PBXGroup;
			children = (
				1D29EFA929C7581F004D0A08 /* String.swift */,
			);
			path = 03_String;
			sourceTree = "<group>";
		};
		1D29EFAB29C7585E004D0A08 /* 02_String Manipulation */ = {
			isa = PBXGroup;
			children = (
				1D8A042329C7533000E8F97E /* 02_String Manipulation.swift */,
			);
			path = "02_String Manipulation";
			sourceTree = "<group>";
		};
		1D29EFAD29C75A98004D0A08 /* 04_Dictionary */ = {
			isa = PBXGroup;
			children = (
				1D29EFAE29C75ADF004D0A08 /* 04_Dictionary.swift */,
			);
			path = 04_Dictionary;
			sourceTree = "<group>";
		};
		1D29EFB029C81C78004D0A08 /* 05_Optional Chaining */ = {
			isa = PBXGroup;
			children = (
				1D29EFB129C81CC8004D0A08 /* 05_Optional Chaining.swift */,
				1D29EFB329C87D36004D0A08 /* 06_Set */,
			);
			path = "05_Optional Chaining";
			sourceTree = "<group>";
		};
		1D29EFB329C87D36004D0A08 /* 06_Set */ = {
			isa = PBXGroup;
			children = (
				1D29EFB429C87D5C004D0A08 /* 06_Set.swift */,
			);
			path = 06_Set;
			sourceTree = "<group>";
		};
		1DBBFA8529BE14C2003D70CA = {
			isa = PBXGroup;
			children = (
				1DBBFA9029BE14C2003D70CA /* 01_practice_optionals */,
				1D29EFAB29C7585E004D0A08 /* 02_String Manipulation */,
				1D29EFA829C757FB004D0A08 /* 03_String */,
				1D29EFAD29C75A98004D0A08 /* 04_Dictionary */,
				1D29EFB029C81C78004D0A08 /* 05_Optional Chaining */,
				1DBBFA8F29BE14C2003D70CA /* Products */,
			);
			sourceTree = "<group>";
		};
		1DBBFA8F29BE14C2003D70CA /* Products */ = {
			isa = PBXGroup;
			children = (
				1DBBFA8E29BE14C2003D70CA /* swift_practice */,
			);
			name = Products;
			sourceTree = "<group>";
		};
		1DBBFA9029BE14C2003D70CA /* 01_practice_optionals */ = {
			isa = PBXGroup;
			children = (
				1DBBFA9129BE14C2003D70CA /* 01_optionals.swift */,
			);
			path = 01_practice_optionals;
			sourceTree = "<group>";
		};
/* End PBXGroup section */

/* Begin PBXNativeTarget section */
		1DBBFA8D29BE14C2003D70CA /* swift_practice */ = {
			isa = PBXNativeTarget;
			buildConfigurationList = 1DBBFA9529BE14C2003D70CA /* Build configuration list for PBXNativeTarget "swift_practice" */;
			buildPhases = (
				1DBBFA8A29BE14C2003D70CA /* Sources */,
				1DBBFA8B29BE14C2003D70CA /* Frameworks */,
				1DBBFA8C29BE14C2003D70CA /* CopyFiles */,
			);
			buildRules = (
			);
			dependencies = (
			);
			name = swift_practice;
			productName = practice_optionals;
			productReference = 1DBBFA8E29BE14C2003D70CA /* swift_practice */;
			productType = "com.apple.product-type.tool";
		};
/* End PBXNativeTarget section */

/* Begin PBXProject section */
		1DBBFA8629BE14C2003D70CA /* Project object */ = {
			isa = PBXProject;
			attributes = {
				BuildIndependentTargetsInParallel = 1;
				LastSwiftUpdateCheck = 1420;
				LastUpgradeCheck = 1420;
				TargetAttributes = {
					1DBBFA8D29BE14C2003D70CA = {
						CreatedOnToolsVersion = 14.2;
					};
				};
			};
			buildConfigurationList = 1DBBFA8929BE14C2003D70CA /* Build configuration list for PBXProject "swift_practice" */;
			compatibilityVersion = "Xcode 14.0";
			developmentRegion = en;
			hasScannedForEncodings = 0;
			knownRegions = (
				en,
				Base,
			);
			mainGroup = 1DBBFA8529BE14C2003D70CA;
			productRefGroup = 1DBBFA8F29BE14C2003D70CA /* Products */;
			projectDirPath = "";
			projectRoot = "";
			targets = (
				1DBBFA8D29BE14C2003D70CA /* swift_practice */,
			);
		};
/* End PBXProject section */

/* Begin PBXSourcesBuildPhase section */
		1DBBFA8A29BE14C2003D70CA /* Sources */ = {
			isa = PBXSourcesBuildPhase;
			buildActionMask = 2147483647;
			files = (
				1D8A042429C7533000E8F97E /* 02_String Manipulation.swift in Sources */,
				1D29EFB229C81CC8004D0A08 /* 05_Optional Chaining.swift in Sources */,
				1DBBFA9229BE14C2003D70CA /* 01_optionals.swift in Sources */,
				1D29EFAA29C7581F004D0A08 /* String.swift in Sources */,
				1D29EFB529C87D5C004D0A08 /* 06_Set.swift in Sources */,
				1D29EFAF29C75ADF004D0A08 /* 04_Dictionary.swift in Sources */,
			);
			runOnlyForDeploymentPostprocessing = 0;
		};
/* End PBXSourcesBuildPhase section */

/* Begin XCBuildConfiguration section */
		1DBBFA9329BE14C2003D70CA /* Debug */ = {
			isa = XCBuildConfiguration;
			buildSettings = {
				ALWAYS_SEARCH_USER_PATHS = NO;
				CLANG_ANALYZER_NONNULL = YES;
				CLANG_ANALYZER_NUMBER_OBJECT_CONVERSION = YES_AGGRESSIVE;
				CLANG_CXX_LANGUAGE_STANDARD = "gnu++20";
				CLANG_ENABLE_MODULES = YES;
				CLANG_ENABLE_OBJC_ARC = YES;
				CLANG_ENABLE_OBJC_WEAK = YES;
				CLANG_WARN_BLOCK_CAPTURE_AUTORELEASING = YES;
				CLANG_WARN_BOOL_CONVERSION = YES;
				CLANG_WARN_COMMA = YES;
				CLANG_WARN_CONSTANT_CONVERSION = YES;
				CLANG_WARN_DEPRECATED_OBJC_IMPLEMENTATIONS = YES;
				CLANG_WARN_DIRECT_OBJC_ISA_USAGE = YES_ERROR;
				CLANG_WARN_DOCUMENTATION_COMMENTS = YES;
				CLANG_WARN_EMPTY_BODY = YES;
				CLANG_WARN_ENUM_CONVERSION = YES;
				CLANG_WARN_INFINITE_RECURSION = YES;
				CLANG_WARN_INT_CONVERSION = YES;
				CLANG_WARN_NON_LITERAL_NULL_CONVERSION = YES;
				CLANG_WARN_OBJC_IMPLICIT_RETAIN_SELF = YES;
				CLANG_WARN_OBJC_LITERAL_CONVERSION = YES;
				CLANG_WARN_OBJC_ROOT_CLASS = YES_ERROR;
				CLANG_WARN_QUOTED_INCLUDE_IN_FRAMEWORK_HEADER = YES;
				CLANG_WARN_RANGE_LOOP_ANALYSIS = YES;
				CLANG_WARN_STRICT_PROTOTYPES = YES;
				CLANG_WARN_SUSPICIOUS_MOVE = YES;
				CLANG_WARN_UNGUARDED_AVAILABILITY = YES_AGGRESSIVE;
				CLANG_WARN_UNREACHABLE_CODE = YES;
				CLANG_WARN__DUPLICATE_METHOD_MATCH = YES;
				COPY_PHASE_STRIP = NO;
				DEBUG_INFORMATION_FORMAT = dwarf;
				ENABLE_STRICT_OBJC_MSGSEND = YES;
				ENABLE_TESTABILITY = YES;
				GCC_C_LANGUAGE_STANDARD = gnu11;
				GCC_DYNAMIC_NO_PIC = NO;
				GCC_NO_COMMON_BLOCKS = YES;
				GCC_OPTIMIZATION_LEVEL = 0;
				GCC_PREPROCESSOR_DEFINITIONS = (
					"DEBUG=1",
					"$(inherited)",
				);
				GCC_WARN_64_TO_32_BIT_CONVERSION = YES;
				GCC_WARN_ABOUT_RETURN_TYPE = YES_ERROR;
				GCC_WARN_UNDECLARED_SELECTOR = YES;
				GCC_WARN_UNINITIALIZED_AUTOS = YES_AGGRESSIVE;
				GCC_WARN_UNUSED_FUNCTION = YES;
				GCC_WARN_UNUSED_VARIABLE = YES;
				MACOSX_DEPLOYMENT_TARGET = 12.6;
				MTL_ENABLE_DEBUG_INFO = INCLUDE_SOURCE;
				MTL_FAST_MATH = YES;
				ONLY_ACTIVE_ARCH = YES;
				SDKROOT = macosx;
				SWIFT_ACTIVE_COMPILATION_CONDITIONS = DEBUG;
				SWIFT_OPTIMIZATION_LEVEL = "-Onone";
			};
			name = Debug;
		};
		1DBBFA9429BE14C2003D70CA /* Release */ = {
			isa = XCBuildConfiguration;
			buildSettings = {
				ALWAYS_SEARCH_USER_PATHS = NO;
				CLANG_ANALYZER_NONNULL = YES;
				CLANG_ANALYZER_NUMBER_OBJECT_CONVERSION = YES_AGGRESSIVE;
				CLANG_CXX_LANGUAGE_STANDARD = "gnu++20";
				CLANG_ENABLE_MODULES = YES;
				CLANG_ENABLE_OBJC_ARC = YES;
				CLANG_ENABLE_OBJC_WEAK = YES;
				CLANG_WARN_BLOCK_CAPTURE_AUTORELEASING = YES;
				CLANG_WARN_BOOL_CONVERSION = YES;
				CLANG_WARN_COMMA = YES;
				CLANG_WARN_CONSTANT_CONVERSION = YES;
				CLANG_WARN_DEPRECATED_OBJC_IMPLEMENTATIONS = YES;
				CLANG_WARN_DIRECT_OBJC_ISA_USAGE = YES_ERROR;
				CLANG_WARN_DOCUMENTATION_COMMENTS = YES;
				CLANG_WARN_EMPTY_BODY = YES;
				CLANG_WARN_ENUM_CONVERSION = YES;
				CLANG_WARN_INFINITE_RECURSION = YES;
				CLANG_WARN_INT_CONVERSION = YES;
				CLANG_WARN_NON_LITERAL_NULL_CONVERSION = YES;
				CLANG_WARN_OBJC_IMPLICIT_RETAIN_SELF = YES;
				CLANG_WARN_OBJC_LITERAL_CONVERSION = YES;
				CLANG_WARN_OBJC_ROOT_CLASS = YES_ERROR;
				CLANG_WARN_QUOTED_INCLUDE_IN_FRAMEWORK_HEADER = YES;
				CLANG_WARN_RANGE_LOOP_ANALYSIS = YES;
				CLANG_WARN_STRICT_PROTOTYPES = YES;
				CLANG_WARN_SUSPICIOUS_MOVE = YES;
				CLANG_WARN_UNGUARDED_AVAILABILITY = YES_AGGRESSIVE;
				CLANG_WARN_UNREACHABLE_CODE = YES;
				CLANG_WARN__DUPLICATE_METHOD_MATCH = YES;
				COPY_PHASE_STRIP = NO;
				DEBUG_INFORMATION_FORMAT = "dwarf-with-dsym";
				ENABLE_NS_ASSERTIONS = NO;
				ENABLE_STRICT_OBJC_MSGSEND = YES;
				GCC_C_LANGUAGE_STANDARD = gnu11;
				GCC_NO_COMMON_BLOCKS = YES;
				GCC_WARN_64_TO_32_BIT_CONVERSION = YES;
				GCC_WARN_ABOUT_RETURN_TYPE = YES_ERROR;
				GCC_WARN_UNDECLARED_SELECTOR = YES;
				GCC_WARN_UNINITIALIZED_AUTOS = YES_AGGRESSIVE;
				GCC_WARN_UNUSED_FUNCTION = YES;
				GCC_WARN_UNUSED_VARIABLE = YES;
				MACOSX_DEPLOYMENT_TARGET = 12.6;
				MTL_ENABLE_DEBUG_INFO = NO;
				MTL_FAST_MATH = YES;
				SDKROOT = macosx;
				SWIFT_COMPILATION_MODE = wholemodule;
				SWIFT_OPTIMIZATION_LEVEL = "-O";
			};
			name = Release;
		};
		1DBBFA9629BE14C2003D70CA /* Debug */ = {
			isa = XCBuildConfiguration;
			buildSettings = {
				CODE_SIGN_STYLE = Automatic;
				DEVELOPMENT_TEAM = SU6YJ72QP9;
				ENABLE_HARDENED_RUNTIME = YES;
				PRODUCT_NAME = "$(TARGET_NAME)";
				SWIFT_VERSION = 5.0;
			};
			name = Debug;
		};
		1DBBFA9729BE14C2003D70CA /* Release */ = {
			isa = XCBuildConfiguration;
			buildSettings = {
				CODE_SIGN_STYLE = Automatic;
				DEVELOPMENT_TEAM = SU6YJ72QP9;
				ENABLE_HARDENED_RUNTIME = YES;
				PRODUCT_NAME = "$(TARGET_NAME)";
				SWIFT_VERSION = 5.0;
			};
			name = Release;
		};
/* End XCBuildConfiguration section */

/* Begin XCConfigurationList section */
		1DBBFA8929BE14C2003D70CA /* Build configuration list for PBXProject "swift_practice" */ = {
			isa = XCConfigurationList;
			buildConfigurations = (
				1DBBFA9329BE14C2003D70CA /* Debug */,
				1DBBFA9429BE14C2003D70CA /* Release */,
			);
			defaultConfigurationIsVisible = 0;
			defaultConfigurationName = Release;
		};
		1DBBFA9529BE14C2003D70CA /* Build configuration list for PBXNativeTarget "swift_practice" */ = {
			isa = XCConfigurationList;
			buildConfigurations = (
				1DBBFA9629BE14C2003D70CA /* Debug */,
				1DBBFA9729BE14C2003D70CA /* Release */,
			);
			defaultConfigurationIsVisible = 0;
			defaultConfigurationName = Release;
		};
/* End XCConfigurationList section */
	};
	rootObject = 1DBBFA8629BE14C2003D70CA /* Project object */;
}
